
Microsoft Visual Studio Solution File, Format Version 12.00
# Visual Studio Version 16
VisualStudioVersion = 16.0.28729.10
MinimumVisualStudioVersion = 10.0.40219.1
Project("{888888A0-9F3D-457C-B088-3A5042F75D52}") = "simple_linear_classifier", "simple_linear_classifier.pyproj", "{106350BF-E4AC-4C88-8BC1-298A32947C10}"
EndProject
Global
	GlobalSection(SolutionConfigurationPlatforms) = preSolution
		Debug|Any CPU = Debug|Any CPU
		Release|Any CPU = Release|Any CPU
	EndGlobalSection
	GlobalSection(ProjectConfigurationPlatforms) = postSolution
		{106350BF-E4AC-4C88-8BC1-298A32947C10}.Debug|Any CPU.ActiveCfg = Debug|Any CPU
		{106350BF-E4AC-4C88-8BC1-298A32947C10}.Release|Any CPU.ActiveCfg = Release|Any CPU
	EndGlobalSection
	GlobalSection(SolutionProperties) = preSolution
		HideSolutionNode = FALSE
	EndGlobalSection
	GlobalSection(ExtensibilityGlobals) = postSolution
		SolutionGuid = {BC44F5EE-8C74-4A98-B1F0-B8B054E57934}
	EndGlobalSection
EndGlobal
